
Microsoft Visual Studio Solution File, Format Version 12.00
# Visual Studio Version 16
VisualStudioVersion = 16.0.30517.126
MinimumVisualStudioVersion = 10.0.40219.1
Project("{FAE04EC0-301F-11D3-BF4B-00C04F79EFBC}") = "UiPath.Orchestrator.API", "UiPath.API\UiPath.Orchestrator.API.csproj", "{58761B4C-0FBB-4237-89EA-6C5623C990B7}"
EndProject
Project("{9A19103F-16F7-4668-BE54-9A1E7A4F7556}") = "UiPath.Chatbot", "UiPath.Chatbot\UiPath.Chatbot.csproj", "{15F69DE7-D9D4-4679-B6D1-72591C547637}"
EndProject
Global
	GlobalSection(SolutionConfigurationPlatforms) = preSolution
		Debug|Any CPU = Debug|Any CPU
		Release|Any CPU = Release|Any CPU
	EndGlobalSection
	GlobalSection(ProjectConfigurationPlatforms) = postSolution
		{58761B4C-0FBB-4237-89EA-6C5623C990B7}.Debug|Any CPU.ActiveCfg = Debug|Any CPU
		{58761B4C-0FBB-4237-89EA-6C5623C990B7}.Debug|Any CPU.Build.0 = Debug|Any CPU
		{58761B4C-0FBB-4237-89EA-6C5623C990B7}.Release|Any CPU.ActiveCfg = Release|Any CPU
		{58761B4C-0FBB-4237-89EA-6C5623C990B7}.Release|Any CPU.Build.0 = Release|Any CPU
		{15F69DE7-D9D4-4679-B6D1-72591C547637}.Debug|Any CPU.ActiveCfg = Debug|Any CPU
		{15F69DE7-D9D4-4679-B6D1-72591C547637}.Debug|Any CPU.Build.0 = Debug|Any CPU
		{15F69DE7-D9D4-4679-B6D1-72591C547637}.Release|Any CPU.ActiveCfg = Release|Any CPU
		{15F69DE7-D9D4-4679-B6D1-72591C547637}.Release|Any CPU.Build.0 = Release|Any CPU
	EndGlobalSection
	GlobalSection(SolutionProperties) = preSolution
		HideSolutionNode = FALSE
	EndGlobalSection
	GlobalSection(ExtensibilityGlobals) = postSolution
		SolutionGuid = {0E0D75DA-373A-4EFC-B63D-7CCB51C6E673}
	EndGlobalSection
EndGlobal
